
Microsoft Visual Studio Solution File, Format Version 12.00
# Visual Studio 15
VisualStudioVersion = 15.0.27130.2024
MinimumVisualStudioVersion = 10.0.40219.1
Project("{9A19103F-16F7-4668-BE54-9A1E7A4F7556}") = "Karl 2", "Karl 2\Karl 2.csproj", "{110BC580-3632-4148-9220-CAC3593E1028}"
EndProject
Project("{FAE04EC0-301F-11D3-BF4B-00C04F79EFBC}") = "UnitTestProject1", "UnitTestProject1\UnitTestProject1.csproj", "{03C68F53-9FBE-43FA-89DD-AE3E0620FC7D}"
EndProject
Global
	GlobalSection(SolutionConfigurationPlatforms) = preSolution
		Debug|Any CPU = Debug|Any CPU
		Release|Any CPU = Release|Any CPU
	EndGlobalSection
	GlobalSection(ProjectConfigurationPlatforms) = postSolution
		{110BC580-3632-4148-9220-CAC3593E1028}.Debug|Any CPU.ActiveCfg = Debug|Any CPU
		{110BC580-3632-4148-9220-CAC3593E1028}.Debug|Any CPU.Build.0 = Debug|Any CPU
		{110BC580-3632-4148-9220-CAC3593E1028}.Release|Any CPU.ActiveCfg = Release|Any CPU
		{110BC580-3632-4148-9220-CAC3593E1028}.Release|Any CPU.Build.0 = Release|Any CPU
		{03C68F53-9FBE-43FA-89DD-AE3E0620FC7D}.Debug|Any CPU.ActiveCfg = Debug|Any CPU
		{03C68F53-9FBE-43FA-89DD-AE3E0620FC7D}.Debug|Any CPU.Build.0 = Debug|Any CPU
		{03C68F53-9FBE-43FA-89DD-AE3E0620FC7D}.Release|Any CPU.ActiveCfg = Release|Any CPU
		{03C68F53-9FBE-43FA-89DD-AE3E0620FC7D}.Release|Any CPU.Build.0 = Release|Any CPU
	EndGlobalSection
	GlobalSection(SolutionProperties) = preSolution
		HideSolutionNode = FALSE
	EndGlobalSection
	GlobalSection(ExtensibilityGlobals) = postSolution
		SolutionGuid = {4301CC12-32AA-45E7-8F32-E8BEF1986D7E}
	EndGlobalSection
EndGlobal
